
Microsoft Visual Studio Solution File, Format Version 12.00
# Visual Studio Version 17
VisualStudioVersion = 17.8.34408.163
MinimumVisualStudioVersion = 10.0.40219.1
Project("{9A19103F-16F7-4668-BE54-9A1E7A4F7556}") = "FribergCarRentalsMvc", "FribergCarRentalsMvc\FribergCarRentalsMvc.csproj", "{C30F1A56-60A7-400F-B48C-76D1D0031658}"
EndProject
Project("{9A19103F-16F7-4668-BE54-9A1E7A4F7556}") = "FribergCars.Shared", "FribergCars.Shared\FribergCars.Shared.csproj", "{667E77C5-5FDB-4425-80F5-49A80F3B6855}"
EndProject
Project("{9A19103F-16F7-4668-BE54-9A1E7A4F7556}") = "FribergCarRentals.DataAccess", "FribergCarRentals.Dat\FribergCarRentals.DataAccess.csproj", "{910687FE-A55D-4D6E-8174-B5C0FBEE90EF}"
EndProject
Project("{9A19103F-16F7-4668-BE54-9A1E7A4F7556}") = "FribergCarRentalsRazor", "FribergCarRentalsRazor\FribergCarRentalsRazor.csproj", "{24F544E2-6401-4A66-A2B3-73232312E96A}"
EndProject
Global
	GlobalSection(SolutionConfigurationPlatforms) = preSolution
		Debug|Any CPU = Debug|Any CPU
		Release|Any CPU = Release|Any CPU
	EndGlobalSection
	GlobalSection(ProjectConfigurationPlatforms) = postSolution
		{C30F1A56-60A7-400F-B48C-76D1D0031658}.Debug|Any CPU.ActiveCfg = Debug|Any CPU
		{C30F1A56-60A7-400F-B48C-76D1D0031658}.Debug|Any CPU.Build.0 = Debug|Any CPU
		{C30F1A56-60A7-400F-B48C-76D1D0031658}.Release|Any CPU.ActiveCfg = Release|Any CPU
		{C30F1A56-60A7-400F-B48C-76D1D0031658}.Release|Any CPU.Build.0 = Release|Any CPU
		{667E77C5-5FDB-4425-80F5-49A80F3B6855}.Debug|Any CPU.ActiveCfg = Debug|Any CPU
		{667E77C5-5FDB-4425-80F5-49A80F3B6855}.Debug|Any CPU.Build.0 = Debug|Any CPU
		{667E77C5-5FDB-4425-80F5-49A80F3B6855}.Release|Any CPU.ActiveCfg = Release|Any CPU
		{667E77C5-5FDB-4425-80F5-49A80F3B6855}.Release|Any CPU.Build.0 = Release|Any CPU
		{910687FE-A55D-4D6E-8174-B5C0FBEE90EF}.Debug|Any CPU.ActiveCfg = Debug|Any CPU
		{910687FE-A55D-4D6E-8174-B5C0FBEE90EF}.Debug|Any CPU.Build.0 = Debug|Any CPU
		{910687FE-A55D-4D6E-8174-B5C0FBEE90EF}.Release|Any CPU.ActiveCfg = Release|Any CPU
		{910687FE-A55D-4D6E-8174-B5C0FBEE90EF}.Release|Any CPU.Build.0 = Release|Any CPU
		{24F544E2-6401-4A66-A2B3-73232312E96A}.Debug|Any CPU.ActiveCfg = Debug|Any CPU
		{24F544E2-6401-4A66-A2B3-73232312E96A}.Debug|Any CPU.Build.0 = Debug|Any CPU
		{24F544E2-6401-4A66-A2B3-73232312E96A}.Release|Any CPU.ActiveCfg = Release|Any CPU
		{24F544E2-6401-4A66-A2B3-73232312E96A}.Release|Any CPU.Build.0 = Release|Any CPU
	EndGlobalSection
	GlobalSection(SolutionProperties) = preSolution
		HideSolutionNode = FALSE
	EndGlobalSection
	GlobalSection(ExtensibilityGlobals) = postSolution
		SolutionGuid = {FC5386D9-D9D5-4EFE-B4DA-379E9C604BAD}
	EndGlobalSection
EndGlobal
